Microsoft Visual Studio Solution File, Format Version 11.00
# Visual Studio 2008

Project("{E0EAF384-1F8C-A5BF-93A2-C2A1D0648D44}") = "miro", "Assembly-UnityScript.unityproj", "{4DC1D66D-B156-29BB-F475-BEC80A6BBC4E}"
EndProject
Global
	GlobalSection(SolutionConfigurationPlatforms) = preSolution
		Debug|Any CPU = Debug|Any CPU
		Release|Any CPU = Release|Any CPU
	EndGlobalSection
	GlobalSection(ProjectConfigurationPlatforms) = postSolution
		{4DC1D66D-B156-29BB-F475-BEC80A6BBC4E}.Debug|Any CPU.ActiveCfg = Debug|Any CPU
		{4DC1D66D-B156-29BB-F475-BEC80A6BBC4E}.Debug|Any CPU.Build.0 = Debug|Any CPU
		{4DC1D66D-B156-29BB-F475-BEC80A6BBC4E}.Release|Any CPU.ActiveCfg = Release|Any CPU
		{4DC1D66D-B156-29BB-F475-BEC80A6BBC4E}.Release|Any CPU.Build.0 = Release|Any CPU
	EndGlobalSection
	GlobalSection(SolutionProperties) = preSolution
		HideSolutionNode = FALSE
	EndGlobalSection
	GlobalSection(MonoDevelopProperties) = preSolution
		StartupItem = Assembly-CSharp.csproj
	EndGlobalSection
EndGlobal
